
Microsoft Visual Studio Solution File, Format Version 12.00
# Visual Studio Version 17
VisualStudioVersion = 17.8.34330.188
MinimumVisualStudioVersion = 10.0.40219.1
Project("{FAE04EC0-301F-11D3-BF4B-00C04F79EFBC}") = "Lab2PNET", "Lab2PNET\Lab2PNET.csproj", "{0732448A-1E40-4DF6-9AAD-B971CBE1AAE9}"
EndProject
Global
	GlobalSection(SolutionConfigurationPlatforms) = preSolution
		Debug|Any CPU = Debug|Any CPU
		Release|Any CPU = Release|Any CPU
	EndGlobalSection
	GlobalSection(ProjectConfigurationPlatforms) = postSolution
		{0732448A-1E40-4DF6-9AAD-B971CBE1AAE9}.Debug|Any CPU.ActiveCfg = Debug|Any CPU
		{0732448A-1E40-4DF6-9AAD-B971CBE1AAE9}.Debug|Any CPU.Build.0 = Debug|Any CPU
		{0732448A-1E40-4DF6-9AAD-B971CBE1AAE9}.Release|Any CPU.ActiveCfg = Release|Any CPU
		{0732448A-1E40-4DF6-9AAD-B971CBE1AAE9}.Release|Any CPU.Build.0 = Release|Any CPU
	EndGlobalSection
	GlobalSection(SolutionProperties) = preSolution
		HideSolutionNode = FALSE
	EndGlobalSection
	GlobalSection(ExtensibilityGlobals) = postSolution
		SolutionGuid = {7A817041-7DCA-46AB-95F6-BC6F7433C517}
	EndGlobalSection
EndGlobal
